
Microsoft Visual Studio Solution File, Format Version 10.00
# Visual C++ Express 2008
Project("{8BC9CEB8-8B4A-11D0-8D11-00A0C91BC942}") = "ext_opengl", "ext_opengl.vcproj", "{66A1CCA4-7500-4C99-9C33-E2F84F8007F6}"
EndProject
Global
	GlobalSection(SolutionConfigurationPlatforms) = preSolution
		Debug|Win32 = Debug|Win32
		Release|Win32 = Release|Win32
	EndGlobalSection
	GlobalSection(ProjectConfigurationPlatforms) = postSolution
		{66A1CCA4-7500-4C99-9C33-E2F84F8007F6}.Debug|Win32.ActiveCfg = Debug|Win32
		{66A1CCA4-7500-4C99-9C33-E2F84F8007F6}.Debug|Win32.Build.0 = Debug|Win32
		{66A1CCA4-7500-4C99-9C33-E2F84F8007F6}.Release|Win32.ActiveCfg = Release|Win32
		{66A1CCA4-7500-4C99-9C33-E2F84F8007F6}.Release|Win32.Build.0 = Release|Win32
	EndGlobalSection
	GlobalSection(SolutionProperties) = preSolution
		HideSolutionNode = FALSE
	EndGlobalSection
EndGlobal
